
Microsoft Visual Studio Solution File, Format Version 12.00
# Visual Studio Express 2013 for Web
VisualStudioVersion = 12.0.30110.0
MinimumVisualStudioVersion = 10.0.40219.1
Project("{FAE04EC0-301F-11D3-BF4B-00C04F79EFBC}") = "GeekQuiz", "GeekQuiz\GeekQuiz.csproj", "{6BE3EC55-0C78-4B9D-AEEB-152782C0FC8F}"
EndProject
Project("{2150E333-8FDC-42A3-9474-1A3956D46DE8}") = ".nuget", ".nuget", "{D59D3B08-696E-479B-9D73-401242317E2C}"
	ProjectSection(SolutionItems) = preProject
		.nuget\NuGet.Config = .nuget\NuGet.Config
		.nuget\NuGet.exe = .nuget\NuGet.exe
		.nuget\NuGet.targets = .nuget\NuGet.targets
	EndProjectSection
EndProject
Global
	GlobalSection(SolutionConfigurationPlatforms) = preSolution
		Debug|Any CPU = Debug|Any CPU
		Release|Any CPU = Release|Any CPU
	EndGlobalSection
	GlobalSection(ProjectConfigurationPlatforms) = postSolution
		{6BE3EC55-0C78-4B9D-AEEB-152782C0FC8F}.Debug|Any CPU.ActiveCfg = Debug|Any CPU
		{6BE3EC55-0C78-4B9D-AEEB-152782C0FC8F}.Debug|Any CPU.Build.0 = Debug|Any CPU
		{6BE3EC55-0C78-4B9D-AEEB-152782C0FC8F}.Release|Any CPU.ActiveCfg = Release|Any CPU
		{6BE3EC55-0C78-4B9D-AEEB-152782C0FC8F}.Release|Any CPU.Build.0 = Release|Any CPU
	EndGlobalSection
	GlobalSection(SolutionProperties) = preSolution
		HideSolutionNode = FALSE
	EndGlobalSection
EndGlobal
