
Microsoft Visual Studio Solution File, Format Version 12.00
# Visual Studio 2013
VisualStudioVersion = 12.0.31101.0
MinimumVisualStudioVersion = 10.0.40219.1
Project("{FAE04EC0-301F-11D3-BF4B-00C04F79EFBC}") = "GeekQuiz", "GeekQuiz\GeekQuiz.csproj", "{97C2F2F6-0E6A-4717-BE70-722245DA076F}"
EndProject
Project("{FAE04EC0-301F-11D3-BF4B-00C04F79EFBC}") = "GeekQuiz.Office", "GeekQuiz.Office\GeekQuiz.Office.csproj", "{69CD6F6B-20AC-48E2-9AD2-43531F526862}"
EndProject
Global
	GlobalSection(SolutionConfigurationPlatforms) = preSolution
		Debug|Any CPU = Debug|Any CPU
		Release|Any CPU = Release|Any CPU
	EndGlobalSection
	GlobalSection(ProjectConfigurationPlatforms) = postSolution
		{97C2F2F6-0E6A-4717-BE70-722245DA076F}.Debug|Any CPU.ActiveCfg = Debug|Any CPU
		{97C2F2F6-0E6A-4717-BE70-722245DA076F}.Debug|Any CPU.Build.0 = Debug|Any CPU
		{97C2F2F6-0E6A-4717-BE70-722245DA076F}.Release|Any CPU.ActiveCfg = Release|Any CPU
		{97C2F2F6-0E6A-4717-BE70-722245DA076F}.Release|Any CPU.Build.0 = Release|Any CPU
		{69CD6F6B-20AC-48E2-9AD2-43531F526862}.Debug|Any CPU.ActiveCfg = Debug|Any CPU
		{69CD6F6B-20AC-48E2-9AD2-43531F526862}.Debug|Any CPU.Build.0 = Debug|Any CPU
		{69CD6F6B-20AC-48E2-9AD2-43531F526862}.Debug|Any CPU.Deploy.0 = Debug|Any CPU
		{69CD6F6B-20AC-48E2-9AD2-43531F526862}.Release|Any CPU.ActiveCfg = Release|Any CPU
		{69CD6F6B-20AC-48E2-9AD2-43531F526862}.Release|Any CPU.Build.0 = Release|Any CPU
		{69CD6F6B-20AC-48E2-9AD2-43531F526862}.Release|Any CPU.Deploy.0 = Release|Any CPU
	EndGlobalSection
	GlobalSection(SolutionProperties) = preSolution
		HideSolutionNode = FALSE
	EndGlobalSection
EndGlobal
